// !$*UTF8*$!
{
	archiveVersion = 1;
	classes = {
	};
	objectVersion = 46;
	objects = {

/* Begin PBXBuildFile section */
		F9460D0A169F06A40080C81D /* UIKit.framework in Frameworks */ = {isa = PBXBuildFile; fileRef = F9460D09169F06A40080C81D /* UIKit.framework */; };
		F9460D0C169F06A40080C81D /* Foundation.framework in Frameworks */ = {isa = PBXBuildFile; fileRef = F9460D0B169F06A40080C81D /* Foundation.framework */; };
		F9460D0E169F06A40080C81D /* CoreGraphics.framework in Frameworks */ = {isa = PBXBuildFile; fileRef = F9460D0D169F06A40080C81D /* CoreGraphics.framework */; };
		F9460D14169F06A40080C81D /* InfoPlist.strings in Resources */ = {isa = PBXBuildFile; fileRef = F9460D12169F06A40080C81D /* InfoPlist.strings */; };
		F9460D16169F06A40080C81D /* main.m in Sources */ = {isa = PBXBuildFile; fileRef = F9460D15169F06A40080C81D /* main.m */; };
		F9460D1A169F06A40080C81D /* DDAppDelegate.m in Sources */ = {isa = PBXBuildFile; fileRef = F9460D19169F06A40080C81D /* DDAppDelegate.m */; };
		F9460D1C169F06A40080C81D /* Default.png in Resources */ = {isa = PBXBuildFile; fileRef = F9460D1B169F06A40080C81D /* Default.png */; };
		F9460D1E169F06A40080C81D /* Default@2x.png in Resources */ = {isa = PBXBuildFile; fileRef = F9460D1D169F06A40080C81D /* Default@2x.png */; };
		F9460D20169F06A40080C81D /* Default-568h@2x.png in Resources */ = {isa = PBXBuildFile; fileRef = F9460D1F169F06A40080C81D /* Default-568h@2x.png */; };
		F9460D23169F06A40080C81D /* MainStoryboard.storyboard in Resources */ = {isa = PBXBuildFile; fileRef = F9460D21169F06A40080C81D /* MainStoryboard.storyboard */; };
		F9460D26169F06A40080C81D /* DDViewController.m in Sources */ = {isa = PBXBuildFile; fileRef = F9460D25169F06A40080C81D /* DDViewController.m */; };
		F9460D30169F06C40080C81D /* DataProvider.m in Sources */ = {isa = PBXBuildFile; fileRef = F9460D2D169F06C40080C81D /* DataProvider.m */; };
		F9460D31169F06C40080C81D /* MenuItem.m in Sources */ = {isa = PBXBuildFile; fileRef = F9460D2F169F06C40080C81D /* MenuItem.m */; };
		F9460D35169F075D0080C81D /* DDTableViewController.m in Sources */ = {isa = PBXBuildFile; fileRef = F9460D34169F075D0080C81D /* DDTableViewController.m */; };
		F9460D3C169F17D20080C81D /* CellNib.xib in Resources */ = {isa = PBXBuildFile; fileRef = F9460D3B169F17D20080C81D /* CellNib.xib */; };
/* End PBXBuildFile section */

/* Begin PBXFileReference section */
		F9460D05169F06A40080C81D /* DropDown.app */ = {isa = PBXFileReference; explicitFileType = wrapper.application; includeInIndex = 0; path = DropDown.app; sourceTree = BUILT_PRODUCTS_DIR; };
		F9460D09169F06A40080C81D /* UIKit.framework */ = {isa = PBXFileReference; lastKnownFileType = wrapper.framework; name = UIKit.framework; path = System/Library/Frameworks/UIKit.framework; sourceTree = SDKROOT; };
		F9460D0B169F06A40080C81D /* Foundation.framework */ = {isa = PBXFileReference; lastKnownFileType = wrapper.framework; name = Foundation.framework; path = System/Library/Frameworks/Foundation.framework; sourceTree = SDKROOT; };
		F9460D0D169F06A40080C81D /* CoreGraphics.framework */ = {isa = PBXFileReference; lastKnownFileType = wrapper.framework; name = CoreGraphics.framework; path = System/Library/Frameworks/CoreGraphics.framework; sourceTree = SDKROOT; };
		F9460D11169F06A40080C81D /* DropDown-Info.plist */ = {isa = PBXFileReference; lastKnownFileType = text.plist.xml; path = "DropDown-Info.plist"; sourceTree = "<group>"; };
		F9460D13169F06A40080C81D /* en */ = {isa = PBXFileReference; lastKnownFileType = text.plist.strings; name = en; path = en.lproj/InfoPlist.strings; sourceTree = "<group>"; };
		F9460D15169F06A40080C81D /* main.m */ = {isa = PBXFileReference; lastKnownFileType = sourcecode.c.objc; path = main.m; sourceTree = "<group>"; };
		F9460D17169F06A40080C81D /* DropDown-Prefix.pch */ = {isa = PBXFileReference; lastKnownFileType = sourcecode.c.h; path = "DropDown-Prefix.pch"; sourceTree = "<group>"; };
		F9460D18169F06A40080C81D /* DDAppDelegate.h */ = {isa = PBXFileReference; lastKnownFileType = sourcecode.c.h; path = DDAppDelegate.h; sourceTree = "<group>"; };
		F9460D19169F06A40080C81D /* DDAppDelegate.m */ = {isa = PBXFileReference; lastKnownFileType = sourcecode.c.objc; path = DDAppDelegate.m; sourceTree = "<group>"; };
		F9460D1B169F06A40080C81D /* Default.png */ = {isa = PBXFileReference; lastKnownFileType = image.png; path = Default.png; sourceTree = "<group>"; };
		F9460D1D169F06A40080C81D /* Default@2x.png */ = {isa = PBXFileReference; lastKnownFileType = image.png; path = "Default@2x.png"; sourceTree = "<group>"; };
		F9460D1F169F06A40080C81D /* Default-568h@2x.png */ = {isa = PBXFileReference; lastKnownFileType = image.png; path = "Default-568h@2x.png"; sourceTree = "<group>"; };
		F9460D22169F06A40080C81D /* en */ = {isa = PBXFileReference; lastKnownFileType = file.storyboard; name = en; path = en.lproj/MainStoryboard.storyboard; sourceTree = "<group>"; };
		F9460D24169F06A40080C81D /* DDViewController.h */ = {isa = PBXFileReference; lastKnownFileType = sourcecode.c.h; path = DDViewController.h; sourceTree = "<group>"; };
		F9460D25169F06A40080C81D /* DDViewController.m */ = {isa = PBXFileReference; lastKnownFileType = sourcecode.c.objc; path = DDViewController.m; sourceTree = "<group>"; };
		F9460D2C169F06C40080C81D /* DataProvider.h */ = {isa = PBXFileReference; fileEncoding = 4; lastKnownFileType = sourcecode.c.h; path = DataProvider.h; sourceTree = "<group>"; };
		F9460D2D169F06C40080C81D /* DataProvider.m */ = {isa = PBXFileReference; fileEncoding = 4; lastKnownFileType = sourcecode.c.objc; path = DataProvider.m; sourceTree = "<group>"; };
		F9460D2E169F06C40080C81D /* MenuItem.h */ = {isa = PBXFileReference; fileEncoding = 4; lastKnownFileType = sourcecode.c.h; path = MenuItem.h; sourceTree = "<group>"; };
		F9460D2F169F06C40080C81D /* MenuItem.m */ = {isa = PBXFileReference; fileEncoding = 4; lastKnownFileType = sourcecode.c.objc; path = MenuItem.m; sourceTree = "<group>"; };
		F9460D33169F075D0080C81D /* DDTableViewController.h */ = {isa = PBXFileReference; fileEncoding = 4; lastKnownFileType = sourcecode.c.h; path = DDTableViewController.h; sourceTree = "<group>"; };
		F9460D34169F075D0080C81D /* DDTableViewController.m */ = {isa = PBXFileReference; fileEncoding = 4; lastKnownFileType = sourcecode.c.objc; path = DDTableViewController.m; sourceTree = "<group>"; };
		F9460D3B169F17D20080C81D /* CellNib.xib */ = {isa = PBXFileReference; fileEncoding = 4; lastKnownFileType = file.xib; path = CellNib.xib; sourceTree = "<group>"; };
/* End PBXFileReference section */

/* Begin PBXFrameworksBuildPhase section */
		F9460D02169F06A40080C81D /* Frameworks */ = {
			isa = PBXFrameworksBuildPhase;
			buildActionMask = 2147483647;
			files = (
				F9460D0A169F06A40080C81D /* UIKit.framework in Frameworks */,
				F9460D0C169F06A40080C81D /* Foundation.framework in Frameworks */,
				F9460D0E169F06A40080C81D /* CoreGraphics.framework in Frameworks */,
			);
			runOnlyForDeploymentPostprocessing = 0;
		};
/* End PBXFrameworksBuildPhase section */

/* Begin PBXGroup section */
		F9460CFA169F06A40080C81D = {
			isa = PBXGroup;
			children = (
				F9460D0F169F06A40080C81D /* DropDown */,
				F9460D08169F06A40080C81D /* Frameworks */,
				F9460D06169F06A40080C81D /* Products */,
			);
			sourceTree = "<group>";
		};
		F9460D06169F06A40080C81D /* Products */ = {
			isa = PBXGroup;
			children = (
				F9460D05169F06A40080C81D /* DropDown.app */,
			);
			name = Products;
			sourceTree = "<group>";
		};
		F9460D08169F06A40080C81D /* Frameworks */ = {
			isa = PBXGroup;
			children = (
				F9460D09169F06A40080C81D /* UIKit.framework */,
				F9460D0B169F06A40080C81D /* Foundation.framework */,
				F9460D0D169F06A40080C81D /* CoreGraphics.framework */,
			);
			name = Frameworks;
			sourceTree = "<group>";
		};
		F9460D0F169F06A40080C81D /* DropDown */ = {
			isa = PBXGroup;
			children = (
				F9460D32169F06CB0080C81D /* DataProvider */,
				F9460D18169F06A40080C81D /* DDAppDelegate.h */,
				F9460D19169F06A40080C81D /* DDAppDelegate.m */,
				F9460D21169F06A40080C81D /* MainStoryboard.storyboard */,
				F9460D24169F06A40080C81D /* DDViewController.h */,
				F9460D25169F06A40080C81D /* DDViewController.m */,
				F9460D10169F06A40080C81D /* Supporting Files */,
				F9460D33169F075D0080C81D /* DDTableViewController.h */,
				F9460D34169F075D0080C81D /* DDTableViewController.m */,
				F9460D3B169F17D20080C81D /* CellNib.xib */,
			);
			path = DropDown;
			sourceTree = "<group>";
		};
		F9460D10169F06A40080C81D /* Supporting Files */ = {
			isa = PBXGroup;
			children = (
				F9460D11169F06A40080C81D /* DropDown-Info.plist */,
				F9460D12169F06A40080C81D /* InfoPlist.strings */,
				F9460D15169F06A40080C81D /* main.m */,
				F9460D17169F06A40080C81D /* DropDown-Prefix.pch */,
				F9460D1B169F06A40080C81D /* Default.png */,
				F9460D1D169F06A40080C81D /* Default@2x.png */,
				F9460D1F169F06A40080C81D /* Default-568h@2x.png */,
			);
			name = "Supporting Files";
			sourceTree = "<group>";
		};
		F9460D32169F06CB0080C81D /* DataProvider */ = {
			isa = PBXGroup;
			children = (
				F9460D2C169F06C40080C81D /* DataProvider.h */,
				F9460D2D169F06C40080C81D /* DataProvider.m */,
				F9460D2E169F06C40080C81D /* MenuItem.h */,
				F9460D2F169F06C40080C81D /* MenuItem.m */,
			);
			name = DataProvider;
			sourceTree = "<group>";
		};
/* End PBXGroup section */

/* Begin PBXNativeTarget section */
		F9460D04169F06A40080C81D /* DropDown */ = {
			isa = PBXNativeTarget;
			buildConfigurationList = F9460D29169F06A40080C81D /* Build configuration list for PBXNativeTarget "DropDown" */;
			buildPhases = (
				F9460D01169F06A40080C81D /* Sources */,
				F9460D02169F06A40080C81D /* Frameworks */,
				F9460D03169F06A40080C81D /* Resources */,
			);
			buildRules = (
			);
			dependencies = (
			);
			name = DropDown;
			productName = DropDown;
			productReference = F9460D05169F06A40080C81D /* DropDown.app */;
			productType = "com.apple.product-type.application";
		};
/* End PBXNativeTarget section */

/* Begin PBXProject section */
		F9460CFC169F06A40080C81D /* Project object */ = {
			isa = PBXProject;
			attributes = {
				CLASSPREFIX = DD;
				LastUpgradeCheck = 0450;
				ORGANIZATIONNAME = "Steffen Bauereiss";
			};
			buildConfigurationList = F9460CFF169F06A40080C81D /* Build configuration list for PBXProject "DropDown" */;
			compatibilityVersion = "Xcode 3.2";
			developmentRegion = English;
			hasScannedForEncodings = 0;
			knownRegions = (
				en,
			);
			mainGroup = F9460CFA169F06A40080C81D;
			productRefGroup = F9460D06169F06A40080C81D /* Products */;
			projectDirPath = "";
			projectRoot = "";
			targets = (
				F9460D04169F06A40080C81D /* DropDown */,
			);
		};
/* End PBXProject section */

/* Begin PBXResourcesBuildPhase section */
		F9460D03169F06A40080C81D /* Resources */ = {
			isa = PBXResourcesBuildPhase;
			buildActionMask = 2147483647;
			files = (
				F9460D14169F06A40080C81D /* InfoPlist.strings in Resources */,
				F9460D1C169F06A40080C81D /* Default.png in Resources */,
				F9460D1E169F06A40080C81D /* Default@2x.png in Resources */,
				F9460D20169F06A40080C81D /* Default-568h@2x.png in Resources */,
				F9460D23169F06A40080C81D /* MainStoryboard.storyboard in Resources */,
				F9460D3C169F17D20080C81D /* CellNib.xib in Resources */,
			);
			runOnlyForDeploymentPostprocessing = 0;
		};
/* End PBXResourcesBuildPhase section */

/* Begin PBXSourcesBuildPhase section */
		F9460D01169F06A40080C81D /* Sources */ = {
			isa = PBXSourcesBuildPhase;
			buildActionMask = 2147483647;
			files = (
				F9460D16169F06A40080C81D /* main.m in Sources */,
				F9460D1A169F06A40080C81D /* DDAppDelegate.m in Sources */,
				F9460D26169F06A40080C81D /* DDViewController.m in Sources */,
				F9460D30169F06C40080C81D /* DataProvider.m in Sources */,
				F9460D31169F06C40080C81D /* MenuItem.m in Sources */,
				F9460D35169F075D0080C81D /* DDTableViewController.m in Sources */,
			);
			runOnlyForDeploymentPostprocessing = 0;
		};
/* End PBXSourcesBuildPhase section */

/* Begin PBXVariantGroup section */
		F9460D12169F06A40080C81D /* InfoPlist.strings */ = {
			isa = PBXVariantGroup;
			children = (
				F9460D13169F06A40080C81D /* en */,
			);
			name = InfoPlist.strings;
			sourceTree = "<group>";
		};
		F9460D21169F06A40080C81D /* MainStoryboard.storyboard */ = {
			isa = PBXVariantGroup;
			children = (
				F9460D22169F06A40080C81D /* en */,
			);
			name = MainStoryboard.storyboard;
			sourceTree = "<group>";
		};
/* End PBXVariantGroup section */

/* Begin XCBuildConfiguration section */
		F9460D27169F06A40080C81D /* Debug */ = {
			isa = XCBuildConfiguration;
			buildSettings = {
				ALWAYS_SEARCH_USER_PATHS = NO;
				CLANG_CXX_LANGUAGE_STANDARD = "gnu++0x";
				CLANG_CXX_LIBRARY = "libc++";
				CLANG_ENABLE_OBJC_ARC = YES;
				CLANG_WARN_EMPTY_BODY = YES;
				CLANG_WARN__DUPLICATE_METHOD_MATCH = YES;
				"CODE_SIGN_IDENTITY[sdk=iphoneos*]" = "iPhone Developer";
				COPY_PHASE_STRIP = NO;
				GCC_C_LANGUAGE_STANDARD = gnu99;
				GCC_DYNAMIC_NO_PIC = NO;
				GCC_OPTIMIZATION_LEVEL = 0;
				GCC_PREPROCESSOR_DEFINITIONS = (
					"DEBUG=1",
					"$(inherited)",
				);
				GCC_SYMBOLS_PRIVATE_EXTERN = NO;
				GCC_WARN_ABOUT_RETURN_TYPE = YES;
				GCC_WARN_UNINITIALIZED_AUTOS = YES;
				GCC_WARN_UNUSED_VARIABLE = YES;
				IPHONEOS_DEPLOYMENT_TARGET = 6.0;
				ONLY_ACTIVE_ARCH = YES;
				SDKROOT = iphoneos;
				TARGETED_DEVICE_FAMILY = 2;
			};
			name = Debug;
		};
		F9460D28169F06A40080C81D /* Release */ = {
			isa = XCBuildConfiguration;
			buildSettings = {
				ALWAYS_SEARCH_USER_PATHS = NO;
				CLANG_CXX_LANGUAGE_STANDARD = "gnu++0x";
				CLANG_CXX_LIBRARY = "libc++";
				CLANG_ENABLE_OBJC_ARC = YES;
				CLANG_WARN_EMPTY_BODY = YES;
				CLANG_WARN__DUPLICATE_METHOD_MATCH = YES;
				"CODE_SIGN_IDENTITY[sdk=iphoneos*]" = "iPhone Developer";
				COPY_PHASE_STRIP = YES;
				GCC_C_LANGUAGE_STANDARD = gnu99;
				GCC_WARN_ABOUT_RETURN_TYPE = YES;
				GCC_WARN_UNINITIALIZED_AUTOS = YES;
				GCC_WARN_UNUSED_VARIABLE = YES;
				IPHONEOS_DEPLOYMENT_TARGET = 6.0;
				OTHER_CFLAGS = "-DNS_BLOCK_ASSERTIONS=1";
				SDKROOT = iphoneos;
				TARGETED_DEVICE_FAMILY = 2;
				VALIDATE_PRODUCT = YES;
			};
			name = Release;
		};
		F9460D2A169F06A40080C81D /* Debug */ = {
			isa = XCBuildConfiguration;
			buildSettings = {
				GCC_PRECOMPILE_PREFIX_HEADER = YES;
				GCC_PREFIX_HEADER = "DropDown/DropDown-Prefix.pch";
				INFOPLIST_FILE = "DropDown/DropDown-Info.plist";
				PRODUCT_NAME = "$(TARGET_NAME)";
				WRAPPER_EXTENSION = app;
			};
			name = Debug;
		};
		F9460D2B169F06A40080C81D /* Release */ = {
			isa = XCBuildConfiguration;
			buildSettings = {
				GCC_PRECOMPILE_PREFIX_HEADER = YES;
				GCC_PREFIX_HEADER = "DropDown/DropDown-Prefix.pch";
				INFOPLIST_FILE = "DropDown/DropDown-Info.plist";
				PRODUCT_NAME = "$(TARGET_NAME)";
				WRAPPER_EXTENSION = app;
			};
			name = Release;
		};
/* End XCBuildConfiguration section */

/* Begin XCConfigurationList section */
		F9460CFF169F06A40080C81D /* Build configuration list for PBXProject "DropDown" */ = {
			isa = XCConfigurationList;
			buildConfigurations = (
				F9460D27169F06A40080C81D /* Debug */,
				F9460D28169F06A40080C81D /* Release */,
			);
			defaultConfigurationIsVisible = 0;
			defaultConfigurationName = Release;
		};
		F9460D29169F06A40080C81D /* Build configuration list for PBXNativeTarget "DropDown" */ = {
			isa = XCConfigurationList;
			buildConfigurations = (
				F9460D2A169F06A40080C81D /* Debug */,
				F9460D2B169F06A40080C81D /* Release */,
			);
			defaultConfigurationIsVisible = 0;
			defaultConfigurationName = Release;
		};
/* End XCConfigurationList section */
	};
	rootObject = F9460CFC169F06A40080C81D /* Project object */;
}
