// !$*UTF8*$!
{
	archiveVersion = 1;
	classes = {
	};
	objectVersion = 46;
	objects = {

/* Begin PBXBuildFile section */
		489ADDCB16AD4F5E0048B014 /* PSHTreeGraphAppDelegate.m in Sources */ = {isa = PBXBuildFile; fileRef = 489ADDC816AD4F5E0048B014 /* PSHTreeGraphAppDelegate.m */; settings = {COMPILER_FLAGS = "-fno-objc-arc"; }; };
		489ADDCC16AD4F5E0048B014 /* PSHTreeGraphViewController.m in Sources */ = {isa = PBXBuildFile; fileRef = 489ADDCA16AD4F5E0048B014 /* PSHTreeGraphViewController.m */; settings = {COMPILER_FLAGS = "-fno-objc-arc"; }; };
		489ADDDC16AD4F680048B014 /* PSBaseTreeGraphView.m in Sources */ = {isa = PBXBuildFile; fileRef = 489ADDD116AD4F680048B014 /* PSBaseTreeGraphView.m */; settings = {COMPILER_FLAGS = "-fno-objc-arc"; }; };
		489ADDDD16AD4F680048B014 /* PSBaseSubtreeView.m in Sources */ = {isa = PBXBuildFile; fileRef = 489ADDD316AD4F680048B014 /* PSBaseSubtreeView.m */; settings = {COMPILER_FLAGS = "-fno-objc-arc"; }; };
		489ADDDE16AD4F680048B014 /* PSBaseBranchView.m in Sources */ = {isa = PBXBuildFile; fileRef = 489ADDD516AD4F680048B014 /* PSBaseBranchView.m */; settings = {COMPILER_FLAGS = "-fno-objc-arc"; }; };
		489ADDDF16AD4F680048B014 /* PSBaseLeafView.m in Sources */ = {isa = PBXBuildFile; fileRef = 489ADDD716AD4F680048B014 /* PSBaseLeafView.m */; settings = {COMPILER_FLAGS = "-fno-objc-arc"; }; };
		489ADDE016AD4F680048B014 /* MyTreeGraphView.m in Sources */ = {isa = PBXBuildFile; fileRef = 489ADDD916AD4F680048B014 /* MyTreeGraphView.m */; settings = {COMPILER_FLAGS = "-fno-objc-arc"; }; };
		489ADDE116AD4F680048B014 /* MyLeafView.m in Sources */ = {isa = PBXBuildFile; fileRef = 489ADDDB16AD4F680048B014 /* MyLeafView.m */; settings = {COMPILER_FLAGS = "-fno-objc-arc"; }; };
		489ADDE616AD4F700048B014 /* TreeDataProvider.m in Sources */ = {isa = PBXBuildFile; fileRef = 489ADDE316AD4F700048B014 /* TreeDataProvider.m */; settings = {COMPILER_FLAGS = "-fno-objc-arc"; }; };
		489ADDE716AD4F700048B014 /* TreeMenuItem.m in Sources */ = {isa = PBXBuildFile; fileRef = 489ADDE516AD4F700048B014 /* TreeMenuItem.m */; settings = {COMPILER_FLAGS = "-fno-objc-arc"; }; };
		489ADDEA16AD4F790048B014 /* PSHTreeGraphViewController.xib in Resources */ = {isa = PBXBuildFile; fileRef = 489ADDE816AD4F790048B014 /* PSHTreeGraphViewController.xib */; };
		489ADDEB16AD4F790048B014 /* ObjCClassTreeNodeView.xib in Resources */ = {isa = PBXBuildFile; fileRef = 489ADDE916AD4F790048B014 /* ObjCClassTreeNodeView.xib */; };
		85C5D25116B7021700BBDE42 /* MainStoryboard.storyboard in Resources */ = {isa = PBXBuildFile; fileRef = 85C5D24F16B7021700BBDE42 /* MainStoryboard.storyboard */; };
		F916DA6816B6724A0066F17D /* ZTMainViewController.m in Sources */ = {isa = PBXBuildFile; fileRef = F916DA6716B6724A0066F17D /* ZTMainViewController.m */; };
		F916DA6B16B67C6D0066F17D /* ZTMenuItem.m in Sources */ = {isa = PBXBuildFile; fileRef = F916DA6A16B67C6D0066F17D /* ZTMenuItem.m */; };
		F994C96016AD514C000BFF8F /* sample2.xml in Resources */ = {isa = PBXBuildFile; fileRef = F994C95F16AD514C000BFF8F /* sample2.xml */; };
		F9B9B8C116C41645002B1B91 /* MapOverlayView.m in Sources */ = {isa = PBXBuildFile; fileRef = F9B9B8BC16C41645002B1B91 /* MapOverlayView.m */; };
		F9B9B8C216C41645002B1B91 /* MapOverlay.m in Sources */ = {isa = PBXBuildFile; fileRef = F9B9B8BE16C41645002B1B91 /* MapOverlay.m */; };
		F9B9B8C316C41645002B1B91 /* ZTMapViewController.m in Sources */ = {isa = PBXBuildFile; fileRef = F9B9B8C016C41645002B1B91 /* ZTMapViewController.m */; };
		F9B9B8C616C41716002B1B91 /* CoreLocation.framework in Frameworks */ = {isa = PBXBuildFile; fileRef = F9B9B8C516C41716002B1B91 /* CoreLocation.framework */; };
		F9B9B8C816C4171F002B1B91 /* MapKit.framework in Frameworks */ = {isa = PBXBuildFile; fileRef = F9B9B8C716C4171F002B1B91 /* MapKit.framework */; };
		F9BAFCD716A83D8500314AA9 /* UIKit.framework in Frameworks */ = {isa = PBXBuildFile; fileRef = F9BAFCD616A83D8500314AA9 /* UIKit.framework */; };
		F9BAFCD916A83D8500314AA9 /* Foundation.framework in Frameworks */ = {isa = PBXBuildFile; fileRef = F9BAFCD816A83D8500314AA9 /* Foundation.framework */; };
		F9BAFCDB16A83D8500314AA9 /* CoreGraphics.framework in Frameworks */ = {isa = PBXBuildFile; fileRef = F9BAFCDA16A83D8500314AA9 /* CoreGraphics.framework */; };
		F9BAFCE116A83D8500314AA9 /* InfoPlist.strings in Resources */ = {isa = PBXBuildFile; fileRef = F9BAFCDF16A83D8500314AA9 /* InfoPlist.strings */; };
		F9BAFCE316A83D8500314AA9 /* main.m in Sources */ = {isa = PBXBuildFile; fileRef = F9BAFCE216A83D8500314AA9 /* main.m */; };
		F9BAFCE716A83D8500314AA9 /* IDPAppDelegate.m in Sources */ = {isa = PBXBuildFile; fileRef = F9BAFCE616A83D8500314AA9 /* IDPAppDelegate.m */; };
		F9BAFCE916A83D8500314AA9 /* Default.png in Resources */ = {isa = PBXBuildFile; fileRef = F9BAFCE816A83D8500314AA9 /* Default.png */; };
		F9BAFCEB16A83D8500314AA9 /* Default@2x.png in Resources */ = {isa = PBXBuildFile; fileRef = F9BAFCEA16A83D8500314AA9 /* Default@2x.png */; };
		F9BAFCED16A83D8500314AA9 /* Default-568h@2x.png in Resources */ = {isa = PBXBuildFile; fileRef = F9BAFCEC16A83D8500314AA9 /* Default-568h@2x.png */; };
		F9BAFCF316A83D8500314AA9 /* IDPViewController.m in Sources */ = {isa = PBXBuildFile; fileRef = F9BAFCF216A83D8500314AA9 /* IDPViewController.m */; };
		F9BAFD0716A83DC000314AA9 /* SMXMLDocument.m in Sources */ = {isa = PBXBuildFile; fileRef = F9BAFD0016A83DC000314AA9 /* SMXMLDocument.m */; };
		F9BAFD0816A83DC000314AA9 /* sample.xml in Resources */ = {isa = PBXBuildFile; fileRef = F9BAFD0216A83DC000314AA9 /* sample.xml */; };
		F9BAFD0916A83DC000314AA9 /* DataProvider.m in Sources */ = {isa = PBXBuildFile; fileRef = F9BAFD0416A83DC000314AA9 /* DataProvider.m */; };
		F9BAFD0A16A83DC000314AA9 /* MenuItem.m in Sources */ = {isa = PBXBuildFile; fileRef = F9BAFD0616A83DC000314AA9 /* MenuItem.m */; };
		F9BAFD0F16A83DD200314AA9 /* disclosure.png in Resources */ = {isa = PBXBuildFile; fileRef = F9BAFD0B16A83DD200314AA9 /* disclosure.png */; };
		F9BAFD1016A83DD200314AA9 /* disclosure@2x.png in Resources */ = {isa = PBXBuildFile; fileRef = F9BAFD0C16A83DD200314AA9 /* disclosure@2x.png */; };
		F9BAFD1116A83DD200314AA9 /* disclosure90.png in Resources */ = {isa = PBXBuildFile; fileRef = F9BAFD0D16A83DD200314AA9 /* disclosure90.png */; };
		F9BAFD1216A83DD200314AA9 /* disclosure90@2x.png in Resources */ = {isa = PBXBuildFile; fileRef = F9BAFD0E16A83DD200314AA9 /* disclosure90@2x.png */; };
		F9BAFD1816A83DE900314AA9 /* ULViewController.m in Sources */ = {isa = PBXBuildFile; fileRef = F9BAFD1516A83DE900314AA9 /* ULViewController.m */; };
		F9BAFD1916A83DE900314AA9 /* TreeItem.m in Sources */ = {isa = PBXBuildFile; fileRef = F9BAFD1716A83DE900314AA9 /* TreeItem.m */; };
		F9BAFD2316A83EA400314AA9 /* DDViewController.m in Sources */ = {isa = PBXBuildFile; fileRef = F9BAFD2016A83EA400314AA9 /* DDViewController.m */; };
		F9BAFD2416A83EA400314AA9 /* DDTableViewController.m in Sources */ = {isa = PBXBuildFile; fileRef = F9BAFD2216A83EA400314AA9 /* DDTableViewController.m */; };
		F9BAFD2616A83EB200314AA9 /* CellNib.xib in Resources */ = {isa = PBXBuildFile; fileRef = F9BAFD2516A83EB200314AA9 /* CellNib.xib */; };
		F9BAFD3016A83FD200314AA9 /* ZTUIGraphMenuItem.m in Sources */ = {isa = PBXBuildFile; fileRef = F9BAFD2D16A83FD200314AA9 /* ZTUIGraphMenuItem.m */; };
		F9BAFD3116A83FD200314AA9 /* ZTGraphView.m in Sources */ = {isa = PBXBuildFile; fileRef = F9BAFD2F16A83FD200314AA9 /* ZTGraphView.m */; };
		F9BAFD3816A8406D00314AA9 /* ZTViewController.m in Sources */ = {isa = PBXBuildFile; fileRef = F9BAFD3716A8406D00314AA9 /* ZTViewController.m */; };
		F9BAFD4816A8414500314AA9 /* MyCollectionViewCell.m in Sources */ = {isa = PBXBuildFile; fileRef = F9BAFD4316A8414500314AA9 /* MyCollectionViewCell.m */; };
		F9BAFD4916A8414500314AA9 /* MyCollectionViewController.m in Sources */ = {isa = PBXBuildFile; fileRef = F9BAFD4516A8414500314AA9 /* MyCollectionViewController.m */; };
		F9BAFD4A16A8414500314AA9 /* LeafViewController.m in Sources */ = {isa = PBXBuildFile; fileRef = F9BAFD4716A8414500314AA9 /* LeafViewController.m */; };
		F9BAFD5A16A8432D00314AA9 /* iCarousel.m in Sources */ = {isa = PBXBuildFile; fileRef = F9BAFD5616A8432D00314AA9 /* iCarousel.m */; };
		F9BAFD5B16A8432D00314AA9 /* iCarouselExampleViewController.m in Sources */ = {isa = PBXBuildFile; fileRef = F9BAFD5716A8432D00314AA9 /* iCarouselExampleViewController.m */; };
		F9BAFD5E16A843CF00314AA9 /* QuartzCore.framework in Frameworks */ = {isa = PBXBuildFile; fileRef = F9BAFD5D16A843CF00314AA9 /* QuartzCore.framework */; };
/* End PBXBuildFile section */

/* Begin PBXFileReference section */
		489ADDC716AD4F5E0048B014 /* PSHTreeGraphAppDelegate.h */ = {isa = PBXFileReference; fileEncoding = 4; lastKnownFileType = sourcecode.c.h; path = PSHTreeGraphAppDelegate.h; sourceTree = "<group>"; };
		489ADDC816AD4F5E0048B014 /* PSHTreeGraphAppDelegate.m */ = {isa = PBXFileReference; fileEncoding = 4; lastKnownFileType = sourcecode.c.objc; path = PSHTreeGraphAppDelegate.m; sourceTree = "<group>"; };
		489ADDC916AD4F5E0048B014 /* PSHTreeGraphViewController.h */ = {isa = PBXFileReference; fileEncoding = 4; lastKnownFileType = sourcecode.c.h; path = PSHTreeGraphViewController.h; sourceTree = "<group>"; };
		489ADDCA16AD4F5E0048B014 /* PSHTreeGraphViewController.m */ = {isa = PBXFileReference; fileEncoding = 4; lastKnownFileType = sourcecode.c.objc; path = PSHTreeGraphViewController.m; sourceTree = "<group>"; };
		489ADDCD16AD4F680048B014 /* PSTreeGraphDelegate.h */ = {isa = PBXFileReference; fileEncoding = 4; lastKnownFileType = sourcecode.c.h; path = PSTreeGraphDelegate.h; sourceTree = "<group>"; };
		489ADDCE16AD4F680048B014 /* PSTreeGraphModelNode.h */ = {isa = PBXFileReference; fileEncoding = 4; lastKnownFileType = sourcecode.c.h; path = PSTreeGraphModelNode.h; sourceTree = "<group>"; };
		489ADDCF16AD4F680048B014 /* PSBaseTreeGraphView_Internal.h */ = {isa = PBXFileReference; fileEncoding = 4; lastKnownFileType = sourcecode.c.h; path = PSBaseTreeGraphView_Internal.h; sourceTree = "<group>"; };
		489ADDD016AD4F680048B014 /* PSBaseTreeGraphView.h */ = {isa = PBXFileReference; fileEncoding = 4; lastKnownFileType = sourcecode.c.h; path = PSBaseTreeGraphView.h; sourceTree = "<group>"; };
		489ADDD116AD4F680048B014 /* PSBaseTreeGraphView.m */ = {isa = PBXFileReference; fileEncoding = 4; lastKnownFileType = sourcecode.c.objc; path = PSBaseTreeGraphView.m; sourceTree = "<group>"; };
		489ADDD216AD4F680048B014 /* PSBaseSubtreeView.h */ = {isa = PBXFileReference; fileEncoding = 4; lastKnownFileType = sourcecode.c.h; path = PSBaseSubtreeView.h; sourceTree = "<group>"; };
		489ADDD316AD4F680048B014 /* PSBaseSubtreeView.m */ = {isa = PBXFileReference; fileEncoding = 4; lastKnownFileType = sourcecode.c.objc; path = PSBaseSubtreeView.m; sourceTree = "<group>"; };
		489ADDD416AD4F680048B014 /* PSBaseBranchView.h */ = {isa = PBXFileReference; fileEncoding = 4; lastKnownFileType = sourcecode.c.h; path = PSBaseBranchView.h; sourceTree = "<group>"; };
		489ADDD516AD4F680048B014 /* PSBaseBranchView.m */ = {isa = PBXFileReference; fileEncoding = 4; lastKnownFileType = sourcecode.c.objc; path = PSBaseBranchView.m; sourceTree = "<group>"; };
		489ADDD616AD4F680048B014 /* PSBaseLeafView.h */ = {isa = PBXFileReference; fileEncoding = 4; lastKnownFileType = sourcecode.c.h; path = PSBaseLeafView.h; sourceTree = "<group>"; };
		489ADDD716AD4F680048B014 /* PSBaseLeafView.m */ = {isa = PBXFileReference; fileEncoding = 4; lastKnownFileType = sourcecode.c.objc; path = PSBaseLeafView.m; sourceTree = "<group>"; };
		489ADDD816AD4F680048B014 /* MyTreeGraphView.h */ = {isa = PBXFileReference; fileEncoding = 4; lastKnownFileType = sourcecode.c.h; path = MyTreeGraphView.h; sourceTree = "<group>"; };
		489ADDD916AD4F680048B014 /* MyTreeGraphView.m */ = {isa = PBXFileReference; fileEncoding = 4; lastKnownFileType = sourcecode.c.objc; path = MyTreeGraphView.m; sourceTree = "<group>"; };
		489ADDDA16AD4F680048B014 /* MyLeafView.h */ = {isa = PBXFileReference; fileEncoding = 4; lastKnownFileType = sourcecode.c.h; path = MyLeafView.h; sourceTree = "<group>"; };
		489ADDDB16AD4F680048B014 /* MyLeafView.m */ = {isa = PBXFileReference; fileEncoding = 4; lastKnownFileType = sourcecode.c.objc; path = MyLeafView.m; sourceTree = "<group>"; };
		489ADDE216AD4F700048B014 /* TreeDataProvider.h */ = {isa = PBXFileReference; fileEncoding = 4; lastKnownFileType = sourcecode.c.h; path = TreeDataProvider.h; sourceTree = "<group>"; };
		489ADDE316AD4F700048B014 /* TreeDataProvider.m */ = {isa = PBXFileReference; fileEncoding = 4; lastKnownFileType = sourcecode.c.objc; path = TreeDataProvider.m; sourceTree = "<group>"; };
		489ADDE416AD4F700048B014 /* TreeMenuItem.h */ = {isa = PBXFileReference; fileEncoding = 4; lastKnownFileType = sourcecode.c.h; path = TreeMenuItem.h; sourceTree = "<group>"; };
		489ADDE516AD4F700048B014 /* TreeMenuItem.m */ = {isa = PBXFileReference; fileEncoding = 4; lastKnownFileType = sourcecode.c.objc; path = TreeMenuItem.m; sourceTree = "<group>"; };
		489ADDE816AD4F790048B014 /* PSHTreeGraphViewController.xib */ = {isa = PBXFileReference; fileEncoding = 4; lastKnownFileType = file.xib; path = PSHTreeGraphViewController.xib; sourceTree = "<group>"; };
		489ADDE916AD4F790048B014 /* ObjCClassTreeNodeView.xib */ = {isa = PBXFileReference; fileEncoding = 4; lastKnownFileType = file.xib; path = ObjCClassTreeNodeView.xib; sourceTree = "<group>"; };
		85C5D25016B7021700BBDE42 /* en */ = {isa = PBXFileReference; lastKnownFileType = file.storyboard; name = en; path = en.lproj/MainStoryboard.storyboard; sourceTree = "<group>"; };
		F916DA6616B6724A0066F17D /* ZTMainViewController.h */ = {isa = PBXFileReference; fileEncoding = 4; lastKnownFileType = sourcecode.c.h; path = ZTMainViewController.h; sourceTree = "<group>"; };
		F916DA6716B6724A0066F17D /* ZTMainViewController.m */ = {isa = PBXFileReference; fileEncoding = 4; lastKnownFileType = sourcecode.c.objc; path = ZTMainViewController.m; sourceTree = "<group>"; };
		F916DA6916B67C6D0066F17D /* ZTMenuItem.h */ = {isa = PBXFileReference; fileEncoding = 4; lastKnownFileType = sourcecode.c.h; path = ZTMenuItem.h; sourceTree = "<group>"; };
		F916DA6A16B67C6D0066F17D /* ZTMenuItem.m */ = {isa = PBXFileReference; fileEncoding = 4; lastKnownFileType = sourcecode.c.objc; path = ZTMenuItem.m; sourceTree = "<group>"; };
		F994C95F16AD514C000BFF8F /* sample2.xml */ = {isa = PBXFileReference; fileEncoding = 4; lastKnownFileType = text.xml; path = sample2.xml; sourceTree = "<group>"; };
		F9B9B8BB16C41645002B1B91 /* MapOverlayView.h */ = {isa = PBXFileReference; fileEncoding = 4; lastKnownFileType = sourcecode.c.h; path = MapOverlayView.h; sourceTree = "<group>"; };
		F9B9B8BC16C41645002B1B91 /* MapOverlayView.m */ = {isa = PBXFileReference; fileEncoding = 4; lastKnownFileType = sourcecode.c.objc; path = MapOverlayView.m; sourceTree = "<group>"; };
		F9B9B8BD16C41645002B1B91 /* MapOverlay.h */ = {isa = PBXFileReference; fileEncoding = 4; lastKnownFileType = sourcecode.c.h; path = MapOverlay.h; sourceTree = "<group>"; };
		F9B9B8BE16C41645002B1B91 /* MapOverlay.m */ = {isa = PBXFileReference; fileEncoding = 4; lastKnownFileType = sourcecode.c.objc; path = MapOverlay.m; sourceTree = "<group>"; };
		F9B9B8BF16C41645002B1B91 /* ZTMapViewController.h */ = {isa = PBXFileReference; fileEncoding = 4; lastKnownFileType = sourcecode.c.h; path = ZTMapViewController.h; sourceTree = "<group>"; };
		F9B9B8C016C41645002B1B91 /* ZTMapViewController.m */ = {isa = PBXFileReference; fileEncoding = 4; lastKnownFileType = sourcecode.c.objc; path = ZTMapViewController.m; sourceTree = "<group>"; };
		F9B9B8C516C41716002B1B91 /* CoreLocation.framework */ = {isa = PBXFileReference; lastKnownFileType = wrapper.framework; name = CoreLocation.framework; path = System/Library/Frameworks/CoreLocation.framework; sourceTree = SDKROOT; };
		F9B9B8C716C4171F002B1B91 /* MapKit.framework */ = {isa = PBXFileReference; lastKnownFileType = wrapper.framework; name = MapKit.framework; path = System/Library/Frameworks/MapKit.framework; sourceTree = SDKROOT; };
		F9BAFCD216A83D8500314AA9 /* TouchMenus.app */ = {isa = PBXFileReference; explicitFileType = wrapper.application; includeInIndex = 0; path = TouchMenus.app; sourceTree = BUILT_PRODUCTS_DIR; };
		F9BAFCD616A83D8500314AA9 /* UIKit.framework */ = {isa = PBXFileReference; lastKnownFileType = wrapper.framework; name = UIKit.framework; path = System/Library/Frameworks/UIKit.framework; sourceTree = SDKROOT; };
		F9BAFCD816A83D8500314AA9 /* Foundation.framework */ = {isa = PBXFileReference; lastKnownFileType = wrapper.framework; name = Foundation.framework; path = System/Library/Frameworks/Foundation.framework; sourceTree = SDKROOT; };
		F9BAFCDA16A83D8500314AA9 /* CoreGraphics.framework */ = {isa = PBXFileReference; lastKnownFileType = wrapper.framework; name = CoreGraphics.framework; path = System/Library/Frameworks/CoreGraphics.framework; sourceTree = SDKROOT; };
		F9BAFCDE16A83D8500314AA9 /* TouchMenus-Info.plist */ = {isa = PBXFileReference; lastKnownFileType = text.plist.xml; path = "TouchMenus-Info.plist"; sourceTree = "<group>"; };
		F9BAFCE016A83D8500314AA9 /* en */ = {isa = PBXFileReference; lastKnownFileType = text.plist.strings; name = en; path = en.lproj/InfoPlist.strings; sourceTree = "<group>"; };
		F9BAFCE216A83D8500314AA9 /* main.m */ = {isa = PBXFileReference; lastKnownFileType = sourcecode.c.objc; path = main.m; sourceTree = "<group>"; };
		F9BAFCE416A83D8500314AA9 /* TouchMenus-Prefix.pch */ = {isa = PBXFileReference; lastKnownFileType = sourcecode.c.h; path = "TouchMenus-Prefix.pch"; sourceTree = "<group>"; };
		F9BAFCE516A83D8500314AA9 /* IDPAppDelegate.h */ = {isa = PBXFileReference; lastKnownFileType = sourcecode.c.h; path = IDPAppDelegate.h; sourceTree = "<group>"; };
		F9BAFCE616A83D8500314AA9 /* IDPAppDelegate.m */ = {isa = PBXFileReference; lastKnownFileType = sourcecode.c.objc; path = IDPAppDelegate.m; sourceTree = "<group>"; };
		F9BAFCE816A83D8500314AA9 /* Default.png */ = {isa = PBXFileReference; lastKnownFileType = image.png; path = Default.png; sourceTree = "<group>"; };
		F9BAFCEA16A83D8500314AA9 /* Default@2x.png */ = {isa = PBXFileReference; lastKnownFileType = image.png; path = "Default@2x.png"; sourceTree = "<group>"; };
		F9BAFCEC16A83D8500314AA9 /* Default-568h@2x.png */ = {isa = PBXFileReference; lastKnownFileType = image.png; path = "Default-568h@2x.png"; sourceTree = "<group>"; };
		F9BAFCF116A83D8500314AA9 /* IDPViewController.h */ = {isa = PBXFileReference; lastKnownFileType = sourcecode.c.h; path = IDPViewController.h; sourceTree = "<group>"; };
		F9BAFCF216A83D8500314AA9 /* IDPViewController.m */ = {isa = PBXFileReference; lastKnownFileType = sourcecode.c.objc; path = IDPViewController.m; sourceTree = "<group>"; };
		F9BAFD0016A83DC000314AA9 /* SMXMLDocument.m */ = {isa = PBXFileReference; fileEncoding = 4; lastKnownFileType = sourcecode.c.objc; path = SMXMLDocument.m; sourceTree = "<group>"; };
		F9BAFD0116A83DC000314AA9 /* SMXMLDocument.h */ = {isa = PBXFileReference; fileEncoding = 4; lastKnownFileType = sourcecode.c.h; path = SMXMLDocument.h; sourceTree = "<group>"; };
		F9BAFD0216A83DC000314AA9 /* sample.xml */ = {isa = PBXFileReference; fileEncoding = 4; lastKnownFileType = text.xml; path = sample.xml; sourceTree = "<group>"; };
		F9BAFD0316A83DC000314AA9 /* DataProvider.h */ = {isa = PBXFileReference; fileEncoding = 4; lastKnownFileType = sourcecode.c.h; path = DataProvider.h; sourceTree = "<group>"; };
		F9BAFD0416A83DC000314AA9 /* DataProvider.m */ = {isa = PBXFileReference; fileEncoding = 4; lastKnownFileType = sourcecode.c.objc; path = DataProvider.m; sourceTree = "<group>"; };
		F9BAFD0516A83DC000314AA9 /* MenuItem.h */ = {isa = PBXFileReference; fileEncoding = 4; lastKnownFileType = sourcecode.c.h; path = MenuItem.h; sourceTree = "<group>"; };
		F9BAFD0616A83DC000314AA9 /* MenuItem.m */ = {isa = PBXFileReference; fileEncoding = 4; lastKnownFileType = sourcecode.c.objc; path = MenuItem.m; sourceTree = "<group>"; };
		F9BAFD0B16A83DD200314AA9 /* disclosure.png */ = {isa = PBXFileReference; lastKnownFileType = image.png; path = disclosure.png; sourceTree = "<group>"; };
		F9BAFD0C16A83DD200314AA9 /* disclosure@2x.png */ = {isa = PBXFileReference; lastKnownFileType = image.png; path = "disclosure@2x.png"; sourceTree = "<group>"; };
		F9BAFD0D16A83DD200314AA9 /* disclosure90.png */ = {isa = PBXFileReference; lastKnownFileType = image.png; path = disclosure90.png; sourceTree = "<group>"; };
		F9BAFD0E16A83DD200314AA9 /* disclosure90@2x.png */ = {isa = PBXFileReference; lastKnownFileType = image.png; path = "disclosure90@2x.png"; sourceTree = "<group>"; };
		F9BAFD1416A83DE900314AA9 /* ULViewController.h */ = {isa = PBXFileReference; fileEncoding = 4; lastKnownFileType = sourcecode.c.h; path = ULViewController.h; sourceTree = "<group>"; };
		F9BAFD1516A83DE900314AA9 /* ULViewController.m */ = {isa = PBXFileReference; fileEncoding = 4; lastKnownFileType = sourcecode.c.objc; path = ULViewController.m; sourceTree = "<group>"; };
		F9BAFD1616A83DE900314AA9 /* TreeItem.h */ = {isa = PBXFileReference; fileEncoding = 4; lastKnownFileType = sourcecode.c.h; path = TreeItem.h; sourceTree = "<group>"; };
		F9BAFD1716A83DE900314AA9 /* TreeItem.m */ = {isa = PBXFileReference; fileEncoding = 4; lastKnownFileType = sourcecode.c.objc; path = TreeItem.m; sourceTree = "<group>"; };
		F9BAFD1F16A83EA400314AA9 /* DDViewController.h */ = {isa = PBXFileReference; fileEncoding = 4; lastKnownFileType = sourcecode.c.h; path = DDViewController.h; sourceTree = "<group>"; };
		F9BAFD2016A83EA400314AA9 /* DDViewController.m */ = {isa = PBXFileReference; fileEncoding = 4; lastKnownFileType = sourcecode.c.objc; path = DDViewController.m; sourceTree = "<group>"; };
		F9BAFD2116A83EA400314AA9 /* DDTableViewController.h */ = {isa = PBXFileReference; fileEncoding = 4; lastKnownFileType = sourcecode.c.h; path = DDTableViewController.h; sourceTree = "<group>"; };
		F9BAFD2216A83EA400314AA9 /* DDTableViewController.m */ = {isa = PBXFileReference; fileEncoding = 4; lastKnownFileType = sourcecode.c.objc; path = DDTableViewController.m; sourceTree = "<group>"; };
		F9BAFD2516A83EB200314AA9 /* CellNib.xib */ = {isa = PBXFileReference; fileEncoding = 4; lastKnownFileType = file.xib; path = CellNib.xib; sourceTree = "<group>"; };
		F9BAFD2C16A83FD200314AA9 /* ZTUIGraphMenuItem.h */ = {isa = PBXFileReference; fileEncoding = 4; lastKnownFileType = sourcecode.c.h; path = ZTUIGraphMenuItem.h; sourceTree = "<group>"; };
		F9BAFD2D16A83FD200314AA9 /* ZTUIGraphMenuItem.m */ = {isa = PBXFileReference; fileEncoding = 4; lastKnownFileType = sourcecode.c.objc; path = ZTUIGraphMenuItem.m; sourceTree = "<group>"; };
		F9BAFD2E16A83FD200314AA9 /* ZTGraphView.h */ = {isa = PBXFileReference; fileEncoding = 4; lastKnownFileType = sourcecode.c.h; path = ZTGraphView.h; sourceTree = "<group>"; };
		F9BAFD2F16A83FD200314AA9 /* ZTGraphView.m */ = {isa = PBXFileReference; fileEncoding = 4; lastKnownFileType = sourcecode.c.objc; path = ZTGraphView.m; sourceTree = "<group>"; };
		F9BAFD3616A8406D00314AA9 /* ZTViewController.h */ = {isa = PBXFileReference; fileEncoding = 4; lastKnownFileType = sourcecode.c.h; path = ZTViewController.h; sourceTree = "<group>"; };
		F9BAFD3716A8406D00314AA9 /* ZTViewController.m */ = {isa = PBXFileReference; fileEncoding = 4; lastKnownFileType = sourcecode.c.objc; path = ZTViewController.m; sourceTree = "<group>"; };
		F9BAFD4216A8414500314AA9 /* MyCollectionViewCell.h */ = {isa = PBXFileReference; fileEncoding = 4; lastKnownFileType = sourcecode.c.h; path = MyCollectionViewCell.h; sourceTree = "<group>"; };
		F9BAFD4316A8414500314AA9 /* MyCollectionViewCell.m */ = {isa = PBXFileReference; fileEncoding = 4; lastKnownFileType = sourcecode.c.objc; path = MyCollectionViewCell.m; sourceTree = "<group>"; };
		F9BAFD4416A8414500314AA9 /* MyCollectionViewController.h */ = {isa = PBXFileReference; fileEncoding = 4; lastKnownFileType = sourcecode.c.h; path = MyCollectionViewController.h; sourceTree = "<group>"; };
		F9BAFD4516A8414500314AA9 /* MyCollectionViewController.m */ = {isa = PBXFileReference; fileEncoding = 4; lastKnownFileType = sourcecode.c.objc; path = MyCollectionViewController.m; sourceTree = "<group>"; };
		F9BAFD4616A8414500314AA9 /* LeafViewController.h */ = {isa = PBXFileReference; fileEncoding = 4; lastKnownFileType = sourcecode.c.h; path = LeafViewController.h; sourceTree = "<group>"; };
		F9BAFD4716A8414500314AA9 /* LeafViewController.m */ = {isa = PBXFileReference; fileEncoding = 4; lastKnownFileType = sourcecode.c.objc; path = LeafViewController.m; sourceTree = "<group>"; };
		F9BAFD5516A8432D00314AA9 /* iCarousel.h */ = {isa = PBXFileReference; fileEncoding = 4; lastKnownFileType = sourcecode.c.h; path = iCarousel.h; sourceTree = "<group>"; };
		F9BAFD5616A8432D00314AA9 /* iCarousel.m */ = {isa = PBXFileReference; fileEncoding = 4; lastKnownFileType = sourcecode.c.objc; path = iCarousel.m; sourceTree = "<group>"; };
		F9BAFD5716A8432D00314AA9 /* iCarouselExampleViewController.m */ = {isa = PBXFileReference; fileEncoding = 4; lastKnownFileType = sourcecode.c.objc; path = iCarouselExampleViewController.m; sourceTree = "<group>"; };
		F9BAFD5816A8432D00314AA9 /* iCarouselExampleViewController.h */ = {isa = PBXFileReference; fileEncoding = 4; lastKnownFileType = sourcecode.c.h; path = iCarouselExampleViewController.h; sourceTree = "<group>"; };
		F9BAFD5D16A843CF00314AA9 /* QuartzCore.framework */ = {isa = PBXFileReference; lastKnownFileType = wrapper.framework; name = QuartzCore.framework; path = System/Library/Frameworks/QuartzCore.framework; sourceTree = SDKROOT; };
/* End PBXFileReference section */

/* Begin PBXFrameworksBuildPhase section */
		F9BAFCCF16A83D8500314AA9 /* Frameworks */ = {
			isa = PBXFrameworksBuildPhase;
			buildActionMask = 2147483647;
			files = (
				F9B9B8C816C4171F002B1B91 /* MapKit.framework in Frameworks */,
				F9B9B8C616C41716002B1B91 /* CoreLocation.framework in Frameworks */,
				F9BAFD5E16A843CF00314AA9 /* QuartzCore.framework in Frameworks */,
				F9BAFCD716A83D8500314AA9 /* UIKit.framework in Frameworks */,
				F9BAFCD916A83D8500314AA9 /* Foundation.framework in Frameworks */,
				F9BAFCDB16A83D8500314AA9 /* CoreGraphics.framework in Frameworks */,
			);
			runOnlyForDeploymentPostprocessing = 0;
		};
/* End PBXFrameworksBuildPhase section */

/* Begin PBXGroup section */
		489ADDC516AD4F4D0048B014 /* TreeMenu */ = {
			isa = PBXGroup;
			children = (
				489ADDE816AD4F790048B014 /* PSHTreeGraphViewController.xib */,
				489ADDE916AD4F790048B014 /* ObjCClassTreeNodeView.xib */,
				489ADDE216AD4F700048B014 /* TreeDataProvider.h */,
				489ADDE316AD4F700048B014 /* TreeDataProvider.m */,
				489ADDE416AD4F700048B014 /* TreeMenuItem.h */,
				489ADDE516AD4F700048B014 /* TreeMenuItem.m */,
				489ADDCD16AD4F680048B014 /* PSTreeGraphDelegate.h */,
				489ADDCE16AD4F680048B014 /* PSTreeGraphModelNode.h */,
				489ADDCF16AD4F680048B014 /* PSBaseTreeGraphView_Internal.h */,
				489ADDD016AD4F680048B014 /* PSBaseTreeGraphView.h */,
				489ADDD116AD4F680048B014 /* PSBaseTreeGraphView.m */,
				489ADDD216AD4F680048B014 /* PSBaseSubtreeView.h */,
				489ADDD316AD4F680048B014 /* PSBaseSubtreeView.m */,
				489ADDD416AD4F680048B014 /* PSBaseBranchView.h */,
				489ADDD516AD4F680048B014 /* PSBaseBranchView.m */,
				489ADDD616AD4F680048B014 /* PSBaseLeafView.h */,
				489ADDD716AD4F680048B014 /* PSBaseLeafView.m */,
				489ADDD816AD4F680048B014 /* MyTreeGraphView.h */,
				489ADDD916AD4F680048B014 /* MyTreeGraphView.m */,
				489ADDDA16AD4F680048B014 /* MyLeafView.h */,
				489ADDDB16AD4F680048B014 /* MyLeafView.m */,
				489ADDC716AD4F5E0048B014 /* PSHTreeGraphAppDelegate.h */,
				489ADDC816AD4F5E0048B014 /* PSHTreeGraphAppDelegate.m */,
				489ADDC916AD4F5E0048B014 /* PSHTreeGraphViewController.h */,
				489ADDCA16AD4F5E0048B014 /* PSHTreeGraphViewController.m */,
			);
			name = TreeMenu;
			path = ..;
			sourceTree = "<group>";
		};
		F916DA6416B6715F0066F17D /* ZoomableTree v2 */ = {
			isa = PBXGroup;
			children = (
				F916DA6616B6724A0066F17D /* ZTMainViewController.h */,
				F916DA6716B6724A0066F17D /* ZTMainViewController.m */,
				F916DA6916B67C6D0066F17D /* ZTMenuItem.h */,
				F916DA6A16B67C6D0066F17D /* ZTMenuItem.m */,
			);
			name = "ZoomableTree v2";
			sourceTree = "<group>";
		};
		F9B9B8C416C4164E002B1B91 /* ZoomableTree Map */ = {
			isa = PBXGroup;
			children = (
				F9B9B8BB16C41645002B1B91 /* MapOverlayView.h */,
				F9B9B8BC16C41645002B1B91 /* MapOverlayView.m */,
				F9B9B8BD16C41645002B1B91 /* MapOverlay.h */,
				F9B9B8BE16C41645002B1B91 /* MapOverlay.m */,
				F9B9B8BF16C41645002B1B91 /* ZTMapViewController.h */,
				F9B9B8C016C41645002B1B91 /* ZTMapViewController.m */,
			);
			name = "ZoomableTree Map";
			sourceTree = "<group>";
		};
		F9BAFCC716A83D8500314AA9 = {
			isa = PBXGroup;
			children = (
				F9B9B8C716C4171F002B1B91 /* MapKit.framework */,
				F9B9B8C516C41716002B1B91 /* CoreLocation.framework */,
				F9BAFCDC16A83D8500314AA9 /* TouchMenus */,
				F9BAFCD516A83D8500314AA9 /* Frameworks */,
				F9BAFCD316A83D8500314AA9 /* Products */,
			);
			sourceTree = "<group>";
		};
		F9BAFCD316A83D8500314AA9 /* Products */ = {
			isa = PBXGroup;
			children = (
				F9BAFCD216A83D8500314AA9 /* TouchMenus.app */,
			);
			name = Products;
			sourceTree = "<group>";
		};
		F9BAFCD516A83D8500314AA9 /* Frameworks */ = {
			isa = PBXGroup;
			children = (
				F9BAFD5D16A843CF00314AA9 /* QuartzCore.framework */,
				F9BAFCD616A83D8500314AA9 /* UIKit.framework */,
				F9BAFCD816A83D8500314AA9 /* Foundation.framework */,
				F9BAFCDA16A83D8500314AA9 /* CoreGraphics.framework */,
			);
			name = Frameworks;
			sourceTree = "<group>";
		};
		F9BAFCDC16A83D8500314AA9 /* TouchMenus */ = {
			isa = PBXGroup;
			children = (
				85C5D24F16B7021700BBDE42 /* MainStoryboard.storyboard */,
				489ADDC516AD4F4D0048B014 /* TreeMenu */,
				F9BAFCDD16A83D8500314AA9 /* Supporting Files */,
				F9BAFCFB16A83D9A00314AA9 /* MAIN_TouchMenuApp */,
				F9BAFCFA16A83D9400314AA9 /* DataProvider */,
				F9BAFCF916A83D8D00314AA9 /* UnfoldingList */,
				F9BAFD1E16A83E6500314AA9 /* DropDown */,
				F9B9B8C416C4164E002B1B91 /* ZoomableTree Map */,
				F916DA6416B6715F0066F17D /* ZoomableTree v2 */,
				F9BAFD2B16A83FAA00314AA9 /* ZoomableTree */,
				F9BAFD4116A8412E00314AA9 /* GridMenu */,
				F9BAFD5316A8430800314AA9 /* 2dCoverFlow */,
			);
			path = TouchMenus;
			sourceTree = "<group>";
		};
		F9BAFCDD16A83D8500314AA9 /* Supporting Files */ = {
			isa = PBXGroup;
			children = (
				F9BAFCDE16A83D8500314AA9 /* TouchMenus-Info.plist */,
				F9BAFCDF16A83D8500314AA9 /* InfoPlist.strings */,
				F9BAFCE216A83D8500314AA9 /* main.m */,
				F9BAFCE416A83D8500314AA9 /* TouchMenus-Prefix.pch */,
				F9BAFCE816A83D8500314AA9 /* Default.png */,
				F9BAFCEA16A83D8500314AA9 /* Default@2x.png */,
				F9BAFCEC16A83D8500314AA9 /* Default-568h@2x.png */,
			);
			name = "Supporting Files";
			sourceTree = "<group>";
		};
		F9BAFCF916A83D8D00314AA9 /* UnfoldingList */ = {
			isa = PBXGroup;
			children = (
				F9BAFD1416A83DE900314AA9 /* ULViewController.h */,
				F9BAFD1516A83DE900314AA9 /* ULViewController.m */,
				F9BAFD1616A83DE900314AA9 /* TreeItem.h */,
				F9BAFD1716A83DE900314AA9 /* TreeItem.m */,
				F9BAFD1316A83DD600314AA9 /* Images */,
			);
			name = UnfoldingList;
			sourceTree = "<group>";
		};
		F9BAFCFA16A83D9400314AA9 /* DataProvider */ = {
			isa = PBXGroup;
			children = (
				F9BAFD0016A83DC000314AA9 /* SMXMLDocument.m */,
				F9BAFD0116A83DC000314AA9 /* SMXMLDocument.h */,
				F9BAFD0216A83DC000314AA9 /* sample.xml */,
				F994C95F16AD514C000BFF8F /* sample2.xml */,
				F9BAFD0316A83DC000314AA9 /* DataProvider.h */,
				F9BAFD0416A83DC000314AA9 /* DataProvider.m */,
				F9BAFD0516A83DC000314AA9 /* MenuItem.h */,
				F9BAFD0616A83DC000314AA9 /* MenuItem.m */,
			);
			name = DataProvider;
			sourceTree = "<group>";
		};
		F9BAFCFB16A83D9A00314AA9 /* MAIN_TouchMenuApp */ = {
			isa = PBXGroup;
			children = (
				F9BAFCE516A83D8500314AA9 /* IDPAppDelegate.h */,
				F9BAFCE616A83D8500314AA9 /* IDPAppDelegate.m */,
				F9BAFCF116A83D8500314AA9 /* IDPViewController.h */,
				F9BAFCF216A83D8500314AA9 /* IDPViewController.m */,
			);
			name = MAIN_TouchMenuApp;
			sourceTree = "<group>";
		};
		F9BAFD1316A83DD600314AA9 /* Images */ = {
			isa = PBXGroup;
			children = (
				F9BAFD0B16A83DD200314AA9 /* disclosure.png */,
				F9BAFD0C16A83DD200314AA9 /* disclosure@2x.png */,
				F9BAFD0D16A83DD200314AA9 /* disclosure90.png */,
				F9BAFD0E16A83DD200314AA9 /* disclosure90@2x.png */,
			);
			name = Images;
			sourceTree = "<group>";
		};
		F9BAFD1E16A83E6500314AA9 /* DropDown */ = {
			isa = PBXGroup;
			children = (
				F9BAFD2516A83EB200314AA9 /* CellNib.xib */,
				F9BAFD1F16A83EA400314AA9 /* DDViewController.h */,
				F9BAFD2016A83EA400314AA9 /* DDViewController.m */,
				F9BAFD2116A83EA400314AA9 /* DDTableViewController.h */,
				F9BAFD2216A83EA400314AA9 /* DDTableViewController.m */,
			);
			name = DropDown;
			sourceTree = "<group>";
		};
		F9BAFD2B16A83FAA00314AA9 /* ZoomableTree */ = {
			isa = PBXGroup;
			children = (
				F9BAFD2C16A83FD200314AA9 /* ZTUIGraphMenuItem.h */,
				F9BAFD2D16A83FD200314AA9 /* ZTUIGraphMenuItem.m */,
				F9BAFD3616A8406D00314AA9 /* ZTViewController.h */,
				F9BAFD3716A8406D00314AA9 /* ZTViewController.m */,
				F9BAFD2E16A83FD200314AA9 /* ZTGraphView.h */,
				F9BAFD2F16A83FD200314AA9 /* ZTGraphView.m */,
			);
			name = ZoomableTree;
			sourceTree = "<group>";
		};
		F9BAFD4116A8412E00314AA9 /* GridMenu */ = {
			isa = PBXGroup;
			children = (
				F9BAFD4216A8414500314AA9 /* MyCollectionViewCell.h */,
				F9BAFD4316A8414500314AA9 /* MyCollectionViewCell.m */,
				F9BAFD4416A8414500314AA9 /* MyCollectionViewController.h */,
				F9BAFD4516A8414500314AA9 /* MyCollectionViewController.m */,
				F9BAFD4616A8414500314AA9 /* LeafViewController.h */,
				F9BAFD4716A8414500314AA9 /* LeafViewController.m */,
			);
			name = GridMenu;
			sourceTree = "<group>";
		};
		F9BAFD5316A8430800314AA9 /* 2dCoverFlow */ = {
			isa = PBXGroup;
			children = (
				F9BAFD5516A8432D00314AA9 /* iCarousel.h */,
				F9BAFD5616A8432D00314AA9 /* iCarousel.m */,
				F9BAFD5816A8432D00314AA9 /* iCarouselExampleViewController.h */,
				F9BAFD5716A8432D00314AA9 /* iCarouselExampleViewController.m */,
			);
			name = 2dCoverFlow;
			sourceTree = "<group>";
		};
/* End PBXGroup section */

/* Begin PBXNativeTarget section */
		F9BAFCD116A83D8500314AA9 /* TouchMenus */ = {
			isa = PBXNativeTarget;
			buildConfigurationList = F9BAFCF616A83D8500314AA9 /* Build configuration list for PBXNativeTarget "TouchMenus" */;
			buildPhases = (
				F9BAFCCE16A83D8500314AA9 /* Sources */,
				F9BAFCCF16A83D8500314AA9 /* Frameworks */,
				F9BAFCD016A83D8500314AA9 /* Resources */,
			);
			buildRules = (
			);
			dependencies = (
			);
			name = TouchMenus;
			productName = TouchMenus;
			productReference = F9BAFCD216A83D8500314AA9 /* TouchMenus.app */;
			productType = "com.apple.product-type.application";
		};
/* End PBXNativeTarget section */

/* Begin PBXProject section */
		F9BAFCC916A83D8500314AA9 /* Project object */ = {
			isa = PBXProject;
			attributes = {
				CLASSPREFIX = IDP;
				LastUpgradeCheck = 0450;
				ORGANIZATIONNAME = TUM;
			};
			buildConfigurationList = F9BAFCCC16A83D8500314AA9 /* Build configuration list for PBXProject "TouchMenus" */;
			compatibilityVersion = "Xcode 3.2";
			developmentRegion = English;
			hasScannedForEncodings = 0;
			knownRegions = (
				en,
			);
			mainGroup = F9BAFCC716A83D8500314AA9;
			productRefGroup = F9BAFCD316A83D8500314AA9 /* Products */;
			projectDirPath = "";
			projectRoot = "";
			targets = (
				F9BAFCD116A83D8500314AA9 /* TouchMenus */,
			);
		};
/* End PBXProject section */

/* Begin PBXResourcesBuildPhase section */
		F9BAFCD016A83D8500314AA9 /* Resources */ = {
			isa = PBXResourcesBuildPhase;
			buildActionMask = 2147483647;
			files = (
				F9BAFCE116A83D8500314AA9 /* InfoPlist.strings in Resources */,
				F9BAFCE916A83D8500314AA9 /* Default.png in Resources */,
				F9BAFCEB16A83D8500314AA9 /* Default@2x.png in Resources */,
				F9BAFCED16A83D8500314AA9 /* Default-568h@2x.png in Resources */,
				F9BAFD0816A83DC000314AA9 /* sample.xml in Resources */,
				F9BAFD0F16A83DD200314AA9 /* disclosure.png in Resources */,
				F9BAFD1016A83DD200314AA9 /* disclosure@2x.png in Resources */,
				F9BAFD1116A83DD200314AA9 /* disclosure90.png in Resources */,
				F9BAFD1216A83DD200314AA9 /* disclosure90@2x.png in Resources */,
				F9BAFD2616A83EB200314AA9 /* CellNib.xib in Resources */,
				F994C96016AD514C000BFF8F /* sample2.xml in Resources */,
				489ADDEA16AD4F790048B014 /* PSHTreeGraphViewController.xib in Resources */,
				489ADDEB16AD4F790048B014 /* ObjCClassTreeNodeView.xib in Resources */,
				85C5D25116B7021700BBDE42 /* MainStoryboard.storyboard in Resources */,
			);
			runOnlyForDeploymentPostprocessing = 0;
		};
/* End PBXResourcesBuildPhase section */

/* Begin PBXSourcesBuildPhase section */
		F9BAFCCE16A83D8500314AA9 /* Sources */ = {
			isa = PBXSourcesBuildPhase;
			buildActionMask = 2147483647;
			files = (
				F9BAFCE316A83D8500314AA9 /* main.m in Sources */,
				F9BAFCE716A83D8500314AA9 /* IDPAppDelegate.m in Sources */,
				F9BAFCF316A83D8500314AA9 /* IDPViewController.m in Sources */,
				F9BAFD0716A83DC000314AA9 /* SMXMLDocument.m in Sources */,
				F9BAFD0916A83DC000314AA9 /* DataProvider.m in Sources */,
				F9BAFD0A16A83DC000314AA9 /* MenuItem.m in Sources */,
				F9BAFD1816A83DE900314AA9 /* ULViewController.m in Sources */,
				F9BAFD1916A83DE900314AA9 /* TreeItem.m in Sources */,
				F9BAFD2316A83EA400314AA9 /* DDViewController.m in Sources */,
				F9BAFD2416A83EA400314AA9 /* DDTableViewController.m in Sources */,
				F9BAFD3016A83FD200314AA9 /* ZTUIGraphMenuItem.m in Sources */,
				F9BAFD3116A83FD200314AA9 /* ZTGraphView.m in Sources */,
				F9BAFD3816A8406D00314AA9 /* ZTViewController.m in Sources */,
				F9BAFD4816A8414500314AA9 /* MyCollectionViewCell.m in Sources */,
				F9BAFD4916A8414500314AA9 /* MyCollectionViewController.m in Sources */,
				F9BAFD4A16A8414500314AA9 /* LeafViewController.m in Sources */,
				F9BAFD5A16A8432D00314AA9 /* iCarousel.m in Sources */,
				F9BAFD5B16A8432D00314AA9 /* iCarouselExampleViewController.m in Sources */,
				489ADDCB16AD4F5E0048B014 /* PSHTreeGraphAppDelegate.m in Sources */,
				489ADDCC16AD4F5E0048B014 /* PSHTreeGraphViewController.m in Sources */,
				489ADDDC16AD4F680048B014 /* PSBaseTreeGraphView.m in Sources */,
				489ADDDD16AD4F680048B014 /* PSBaseSubtreeView.m in Sources */,
				489ADDDE16AD4F680048B014 /* PSBaseBranchView.m in Sources */,
				489ADDDF16AD4F680048B014 /* PSBaseLeafView.m in Sources */,
				489ADDE016AD4F680048B014 /* MyTreeGraphView.m in Sources */,
				489ADDE116AD4F680048B014 /* MyLeafView.m in Sources */,
				489ADDE616AD4F700048B014 /* TreeDataProvider.m in Sources */,
				489ADDE716AD4F700048B014 /* TreeMenuItem.m in Sources */,
				F916DA6816B6724A0066F17D /* ZTMainViewController.m in Sources */,
				F916DA6B16B67C6D0066F17D /* ZTMenuItem.m in Sources */,
				F9B9B8C116C41645002B1B91 /* MapOverlayView.m in Sources */,
				F9B9B8C216C41645002B1B91 /* MapOverlay.m in Sources */,
				F9B9B8C316C41645002B1B91 /* ZTMapViewController.m in Sources */,
			);
			runOnlyForDeploymentPostprocessing = 0;
		};
/* End PBXSourcesBuildPhase section */

/* Begin PBXVariantGroup section */
		85C5D24F16B7021700BBDE42 /* MainStoryboard.storyboard */ = {
			isa = PBXVariantGroup;
			children = (
				85C5D25016B7021700BBDE42 /* en */,
			);
			name = MainStoryboard.storyboard;
			sourceTree = "<group>";
		};
		F9BAFCDF16A83D8500314AA9 /* InfoPlist.strings */ = {
			isa = PBXVariantGroup;
			children = (
				F9BAFCE016A83D8500314AA9 /* en */,
			);
			name = InfoPlist.strings;
			sourceTree = "<group>";
		};
/* End PBXVariantGroup section */

/* Begin XCBuildConfiguration section */
		F9BAFCF416A83D8500314AA9 /* Debug */ = {
			isa = XCBuildConfiguration;
			buildSettings = {
				ALWAYS_SEARCH_USER_PATHS = NO;
				CLANG_CXX_LANGUAGE_STANDARD = "gnu++0x";
				CLANG_CXX_LIBRARY = "libc++";
				CLANG_ENABLE_OBJC_ARC = YES;
				CLANG_WARN_EMPTY_BODY = YES;
				CLANG_WARN__DUPLICATE_METHOD_MATCH = YES;
				"CODE_SIGN_IDENTITY[sdk=iphoneos*]" = "iPhone Developer";
				COPY_PHASE_STRIP = NO;
				GCC_C_LANGUAGE_STANDARD = gnu99;
				GCC_DYNAMIC_NO_PIC = NO;
				GCC_OPTIMIZATION_LEVEL = 0;
				GCC_PREPROCESSOR_DEFINITIONS = (
					"DEBUG=1",
					"$(inherited)",
				);
				GCC_SYMBOLS_PRIVATE_EXTERN = NO;
				GCC_WARN_ABOUT_RETURN_TYPE = YES;
				GCC_WARN_UNINITIALIZED_AUTOS = YES;
				GCC_WARN_UNUSED_VARIABLE = YES;
				IPHONEOS_DEPLOYMENT_TARGET = 6.0;
				ONLY_ACTIVE_ARCH = YES;
				SDKROOT = iphoneos;
				TARGETED_DEVICE_FAMILY = 2;
			};
			name = Debug;
		};
		F9BAFCF516A83D8500314AA9 /* Release */ = {
			isa = XCBuildConfiguration;
			buildSettings = {
				ALWAYS_SEARCH_USER_PATHS = NO;
				CLANG_CXX_LANGUAGE_STANDARD = "gnu++0x";
				CLANG_CXX_LIBRARY = "libc++";
				CLANG_ENABLE_OBJC_ARC = YES;
				CLANG_WARN_EMPTY_BODY = YES;
				CLANG_WARN__DUPLICATE_METHOD_MATCH = YES;
				"CODE_SIGN_IDENTITY[sdk=iphoneos*]" = "iPhone Developer";
				COPY_PHASE_STRIP = YES;
				GCC_C_LANGUAGE_STANDARD = gnu99;
				GCC_WARN_ABOUT_RETURN_TYPE = YES;
				GCC_WARN_UNINITIALIZED_AUTOS = YES;
				GCC_WARN_UNUSED_VARIABLE = YES;
				IPHONEOS_DEPLOYMENT_TARGET = 6.0;
				OTHER_CFLAGS = "-DNS_BLOCK_ASSERTIONS=1";
				SDKROOT = iphoneos;
				TARGETED_DEVICE_FAMILY = 2;
				VALIDATE_PRODUCT = YES;
			};
			name = Release;
		};
		F9BAFCF716A83D8500314AA9 /* Debug */ = {
			isa = XCBuildConfiguration;
			buildSettings = {
				GCC_PRECOMPILE_PREFIX_HEADER = YES;
				GCC_PREFIX_HEADER = "TouchMenus/TouchMenus-Prefix.pch";
				INFOPLIST_FILE = "TouchMenus/TouchMenus-Info.plist";
				IPHONEOS_DEPLOYMENT_TARGET = 6.0;
				PRODUCT_NAME = "$(TARGET_NAME)";
				WRAPPER_EXTENSION = app;
			};
			name = Debug;
		};
		F9BAFCF816A83D8500314AA9 /* Release */ = {
			isa = XCBuildConfiguration;
			buildSettings = {
				GCC_PRECOMPILE_PREFIX_HEADER = YES;
				GCC_PREFIX_HEADER = "TouchMenus/TouchMenus-Prefix.pch";
				INFOPLIST_FILE = "TouchMenus/TouchMenus-Info.plist";
				IPHONEOS_DEPLOYMENT_TARGET = 6.0;
				PRODUCT_NAME = "$(TARGET_NAME)";
				WRAPPER_EXTENSION = app;
			};
			name = Release;
		};
/* End XCBuildConfiguration section */

/* Begin XCConfigurationList section */
		F9BAFCCC16A83D8500314AA9 /* Build configuration list for PBXProject "TouchMenus" */ = {
			isa = XCConfigurationList;
			buildConfigurations = (
				F9BAFCF416A83D8500314AA9 /* Debug */,
				F9BAFCF516A83D8500314AA9 /* Release */,
			);
			defaultConfigurationIsVisible = 0;
			defaultConfigurationName = Release;
		};
		F9BAFCF616A83D8500314AA9 /* Build configuration list for PBXNativeTarget "TouchMenus" */ = {
			isa = XCConfigurationList;
			buildConfigurations = (
				F9BAFCF716A83D8500314AA9 /* Debug */,
				F9BAFCF816A83D8500314AA9 /* Release */,
			);
			defaultConfigurationIsVisible = 0;
			defaultConfigurationName = Release;
		};
/* End XCConfigurationList section */
	};
	rootObject = F9BAFCC916A83D8500314AA9 /* Project object */;
}
